{
  "nodes": {
    "nixpkgs": {
      "locked": {
        "lastModified": 1709780214,
        "narHash": "sha256-p4iDKdveHMhfGAlpxmkCtfQO3WRzmlD11aIcThwPqhk=",
        "owner": "NixOS",
        "repo": "nixpkgs",
        "rev": "f945939fd679284d736112d3d5410eb867f3b31c",
        "type": "github"
      },
      "original": {
        "owner": "NixOS",
        "ref": "nixpkgs-unstable",
        "repo": "nixpkgs",
        "type": "github"
      }
    },
    "nixpkgs-risc0-rustc": {
      "locked": {
        "lastModified": 1690204896,
        "narHash": "sha256-L/8JOAlC5QmabkWAElLX8UaMJtU1S1H3NZVi/+V4zlg=",
        "owner": "NixOS",
        "repo": "nixpkgs",
        "rev": "34d8dbb93ddf91fb665b186d1c832b2d2f8e7ff7",
        "type": "github"
      },
      "original": {
        "owner": "NixOS",
        "repo": "nixpkgs",
        "rev": "34d8dbb93ddf91fb665b186d1c832b2d2f8e7ff7",
        "type": "github"
      }
    },
    "root": {
      "inputs": {
        "nixpkgs": "nixpkgs",
        "nixpkgs-risc0-rustc": "nixpkgs-risc0-rustc"
      }
    }
  },
  "root": "root",
  "version": 7
}
